
Microsoft Visual Studio Solution File, Format Version 12.00
# Visual Studio Version 17
VisualStudioVersion = 17.2.32526.322
MinimumVisualStudioVersion = 10.0.40219.1
Project("{FAE04EC0-301F-11D3-BF4B-00C04F79EFBC}") = "lab13", "lab13\lab13.csproj", "{292B7CCA-DD89-490B-B5FD-CCF918900BF5}"
EndProject
Global
	GlobalSection(SolutionConfigurationPlatforms) = preSolution
		Debug|Any CPU = Debug|Any CPU
		Release|Any CPU = Release|Any CPU
	EndGlobalSection
	GlobalSection(ProjectConfigurationPlatforms) = postSolution
		{292B7CCA-DD89-490B-B5FD-CCF918900BF5}.Debug|Any CPU.ActiveCfg = Debug|Any CPU
		{292B7CCA-DD89-490B-B5FD-CCF918900BF5}.Debug|Any CPU.Build.0 = Debug|Any CPU
		{292B7CCA-DD89-490B-B5FD-CCF918900BF5}.Release|Any CPU.ActiveCfg = Release|Any CPU
		{292B7CCA-DD89-490B-B5FD-CCF918900BF5}.Release|Any CPU.Build.0 = Release|Any CPU
	EndGlobalSection
	GlobalSection(SolutionProperties) = preSolution
		HideSolutionNode = FALSE
	EndGlobalSection
	GlobalSection(ExtensibilityGlobals) = postSolution
		SolutionGuid = {0A880CF4-7EEF-470D-A170-051DAC6FBB99}
	EndGlobalSection
EndGlobal
